// !$*UTF8*$!
{
	archiveVersion = 1;
	classes = {
	};
	objectVersion = 46;
	objects = {

/* Begin PBXBuildFile section */
		1063B5BD1CCB541A00D08A33 /* WorkTimeTableViewCell.swift in Sources */ = {isa = PBXBuildFile; fileRef = 1063B5BB1CCB541A00D08A33 /* WorkTimeTableViewCell.swift */; };
		1063B5BE1CCB541A00D08A33 /* WorkTimeTableViewCell.xib in Resources */ = {isa = PBXBuildFile; fileRef = 1063B5BC1CCB541A00D08A33 /* WorkTimeTableViewCell.xib */; };
		10C3DF391CC5E84100352E2D /* ShowAllCommentTableViewController.swift in Sources */ = {isa = PBXBuildFile; fileRef = 10C3DF381CC5E84100352E2D /* ShowAllCommentTableViewController.swift */; };
		10D1A8AC1CC63282002867BC /* ReviewTableViewCell.swift in Sources */ = {isa = PBXBuildFile; fileRef = 10D1A8AA1CC63282002867BC /* ReviewTableViewCell.swift */; };
		10D1A8AD1CC63282002867BC /* ReviewTableViewCell.xib in Resources */ = {isa = PBXBuildFile; fileRef = 10D1A8AB1CC63282002867BC /* ReviewTableViewCell.xib */; };
		10D1A8AF1CC64649002867BC /* RatingControl.swift in Sources */ = {isa = PBXBuildFile; fileRef = 10D1A8AE1CC64649002867BC /* RatingControl.swift */; };
		10D1A8B21CC64B29002867BC /* CommentTableViewCell.swift in Sources */ = {isa = PBXBuildFile; fileRef = 10D1A8B11CC64B29002867BC /* CommentTableViewCell.swift */; };
		23223FA1AA3AF5DA4D275A26 /* Pods_pakr.framework in Frameworks */ = {isa = PBXBuildFile; fileRef = 9870136ADB30BD79474A430C /* Pods_pakr.framework */; };
		723552991CC4CD8400090651 /* GMPlace.swift in Sources */ = {isa = PBXBuildFile; fileRef = 723552981CC4CD8400090651 /* GMPlace.swift */; };
		7235529D1CC4D39400090651 /* AddressPickerController.swift in Sources */ = {isa = PBXBuildFile; fileRef = 7235529B1CC4D39400090651 /* AddressPickerController.swift */; };
		7235529E1CC4D39400090651 /* AddressPickerController.xib in Resources */ = {isa = PBXBuildFile; fileRef = 7235529C1CC4D39400090651 /* AddressPickerController.xib */; };
		723552A21CC4D3DB00090651 /* GMPlaceCell.swift in Sources */ = {isa = PBXBuildFile; fileRef = 723552A01CC4D3DB00090651 /* GMPlaceCell.swift */; };
		723552A31CC4D3DB00090651 /* GMPlaceCell.xib in Resources */ = {isa = PBXBuildFile; fileRef = 723552A11CC4D3DB00090651 /* GMPlaceCell.xib */; };
		723E739D1CC995F3008C527C /* ParseModelProxy.swift in Sources */ = {isa = PBXBuildFile; fileRef = 723E739C1CC995F3008C527C /* ParseModelProxy.swift */; };
		7274B8D41CC2884B007E4B82 /* PakrImageUtils.swift in Sources */ = {isa = PBXBuildFile; fileRef = 7274B8D31CC2884B007E4B82 /* PakrImageUtils.swift */; };
		7274B8E21CC32CF9007E4B82 /* GMServices.swift in Sources */ = {isa = PBXBuildFile; fileRef = 7274B8E11CC32CF9007E4B82 /* GMServices.swift */; };
		7295DE671CC13F030001B852 /* Images.xcassets in Resources */ = {isa = PBXBuildFile; fileRef = 7295DE651CC13F030001B852 /* Images.xcassets */; };
		B7E6A0470AE6CDBCC3453AEC /* Repository.swift in Sources */ = {isa = PBXBuildFile; fileRef = B7E6A43E71032DC2B0D1F1CF /* Repository.swift */; };
		B7E6A075011D3E56D1D6F747 /* PostInfoController.xib in Resources */ = {isa = PBXBuildFile; fileRef = B7E6A22BC922751D53642CFB /* PostInfoController.xib */; };
		B7E6A0786F719E522F61EE28 /* UserHandlerMockImpl.swift in Sources */ = {isa = PBXBuildFile; fileRef = B7E6A21D1C8EEE8A1850D968 /* UserHandlerMockImpl.swift */; };
		B7E6A1037EA58D7A02BD6B2B /* VerifyController.xib in Resources */ = {isa = PBXBuildFile; fileRef = B7E6A40C0FC253C1AFE78D7B /* VerifyController.xib */; };
		B7E6A110E741A4C75C5D7F35 /* LayoutUtils.swift in Sources */ = {isa = PBXBuildFile; fileRef = B7E6A091AAB6F9843BAE5107 /* LayoutUtils.swift */; };
		B7E6A13E90275C7D2181B30E /* ProfileController.xib in Resources */ = {isa = PBXBuildFile; fileRef = B7E6A331D58A2E2A1A82F0AC /* ProfileController.xib */; };
		B7E6A1770D75BCAC87B58ED1 /* ProfileController.swift in Sources */ = {isa = PBXBuildFile; fileRef = B7E6A5F90F4B6CED9046691F /* ProfileController.swift */; };
		B7E6A21C1DA746BBFAC340A7 /* Bookmark.swift in Sources */ = {isa = PBXBuildFile; fileRef = B7E6AC6D92106C69A930C5BE /* Bookmark.swift */; };
		B7E6A21C91E2CF079F32DCA9 /* Parking.swift in Sources */ = {isa = PBXBuildFile; fileRef = B7E6A145EF2DF7DDD58149AD /* Parking.swift */; };
		B7E6A23A88726CC0D19CD553 /* ParkingListController.xib in Resources */ = {isa = PBXBuildFile; fileRef = B7E6A122699477C5E67ECE5E /* ParkingListController.xib */; };
		B7E6A25A2B4DCA5610E27897 /* JSONUtils.swift in Sources */ = {isa = PBXBuildFile; fileRef = B7E6A401D78FD167E1317138 /* JSONUtils.swift */; };
		B7E6A36290D6AB8FB4F37590 /* AddressServiceMockImpl.swift in Sources */ = {isa = PBXBuildFile; fileRef = B7E6A472F7C0783489C722A9 /* AddressServiceMockImpl.swift */; };
		B7E6A408A7FCECB2B4DFA109 /* SearchController.xib in Resources */ = {isa = PBXBuildFile; fileRef = B7E6AB0F139FACFD90203504 /* SearchController.xib */; };
		B7E6A490B0661ADCFA1A38FB /* UserHandlerRealmImpl.swift in Sources */ = {isa = PBXBuildFile; fileRef = B7E6AD886507C567CEEE6A5A /* UserHandlerRealmImpl.swift */; };
		B7E6A4AACDDABB7130F3DBA7 /* Role.swift in Sources */ = {isa = PBXBuildFile; fileRef = B7E6A62B148D4FB6723C6476 /* Role.swift */; };
		B7E6A59FF1C2DE0CEDAD811B /* Topic.swift in Sources */ = {isa = PBXBuildFile; fileRef = B7E6ACFA00B87FBB2B3A50D1 /* Topic.swift */; };
		B7E6A5A04B2FA08E0E2D97D5 /* VerifyController.swift in Sources */ = {isa = PBXBuildFile; fileRef = B7E6AFEBDE30EC4F495F0F9C /* VerifyController.swift */; };
		B7E6A5BC6F196BF0F02FAD3A /* Coordinate.swift in Sources */ = {isa = PBXBuildFile; fileRef = B7E6AD7C28278C80D4106921 /* Coordinate.swift */; };
		B7E6A5C323135FB8258548DA /* MapDetailViewController.swift in Sources */ = {isa = PBXBuildFile; fileRef = B7E6A6905926188216D6F1AD /* MapDetailViewController.swift */; };
		B7E6A5DF78B1154F6089496A /* ParkAnnotation.swift in Sources */ = {isa = PBXBuildFile; fileRef = B7E6AD6CB8156C69D362F482 /* ParkAnnotation.swift */; };
		B7E6A5EA66C326A60FCF8502 /* PhotosCollectionViewCell.xib in Resources */ = {isa = PBXBuildFile; fileRef = B7E6A732F76F5BB71877755C /* PhotosCollectionViewCell.xib */; };
		B7E6A60E9906C2D10C8F2F70 /* MapDetailViewController.xib in Resources */ = {isa = PBXBuildFile; fileRef = B7E6A60D20B035896508B0E8 /* MapDetailViewController.xib */; };
		B7E6A60EEBB24D2C771BB096 /* User.swift in Sources */ = {isa = PBXBuildFile; fileRef = B7E6AFC20BF691E4A0CFE221 /* User.swift */; };
		B7E6A6509ADB9AA6D877EF70 /* MoreInfoViewController.xib in Resources */ = {isa = PBXBuildFile; fileRef = B7E6A0FCBFCFE1378FBCFF93 /* MoreInfoViewController.xib */; };
		B7E6A680579C3EEC68F7CF5F /* AppDelegate.swift in Sources */ = {isa = PBXBuildFile; fileRef = B7E6A8510BAF5056FAF378E0 /* AppDelegate.swift */; };
		B7E6A6AC99192DAD0784DC3C /* CustomTimePicker.m in Sources */ = {isa = PBXBuildFile; fileRef = B7E6AB3FEFBC936273E16A5B /* CustomTimePicker.m */; };
		B7E6A6E0904E6CED18BDF1D8 /* MapController.swift in Sources */ = {isa = PBXBuildFile; fileRef = B7E6A99549118700A88D2B9C /* MapController.swift */; };
		B7E6A70D6A02D6E611445818 /* PhotosCollectionViewCell.swift in Sources */ = {isa = PBXBuildFile; fileRef = B7E6AE23F891252FC6A10BA5 /* PhotosCollectionViewCell.swift */; };
		B7E6A7598B1D7BE108B42ACA /* Post.swift in Sources */ = {isa = PBXBuildFile; fileRef = B7E6A23B81B68BFA49FF4D68 /* Post.swift */; };
		B7E6A75B8792F930FC0D46E8 /* PostParkingController.xib in Resources */ = {isa = PBXBuildFile; fileRef = B7E6ADE1860F36823A0CBF02 /* PostParkingController.xib */; };
		B7E6A7DD2869568ED7C089DB /* AddressServiceParseImpl.swift in Sources */ = {isa = PBXBuildFile; fileRef = B7E6A472B3B61BB6955C8474 /* AddressServiceParseImpl.swift */; };
		B7E6A8E9982F4A8F2E898258 /* HomeViewController.swift in Sources */ = {isa = PBXBuildFile; fileRef = B7E6A280C6A3B7D99D404FB7 /* HomeViewController.swift */; };
		B7E6A90D275DCF191BE990E9 /* VehicleDetail.swift in Sources */ = {isa = PBXBuildFile; fileRef = B7E6AED608E5BCC64FD9D5AE /* VehicleDetail.swift */; };
		B7E6A949DC4DD496BB0052B3 /* PostParkingController.swift in Sources */ = {isa = PBXBuildFile; fileRef = B7E6A3F998205793997B411C /* PostParkingController.swift */; };
		B7E6A9544AAB2F696EC945AA /* AddressService.swift in Sources */ = {isa = PBXBuildFile; fileRef = B7E6A4FF18220112CA540A35 /* AddressService.swift */; };
		B7E6A999BFF349E7A0407789 /* WebServiceFactory.swift in Sources */ = {isa = PBXBuildFile; fileRef = B7E6A032DDDCAB9FB073B82B /* WebServiceFactory.swift */; };
		B7E6A9C2A41FE994DE773C26 /* PakrCLLocationCoordinate2D.swift in Sources */ = {isa = PBXBuildFile; fileRef = B7E6AC3CA3BBC69562B36F25 /* PakrCLLocationCoordinate2D.swift */; };
		B7E6AA0432B1309BA5CEC6AD /* TimeRange.swift in Sources */ = {isa = PBXBuildFile; fileRef = B7E6A4C179A35653DB255FA2 /* TimeRange.swift */; };
		B7E6AA2D5F5E58C520E27A33 /* MoreInfoViewController.swift in Sources */ = {isa = PBXBuildFile; fileRef = B7E6A63481B334288580DA83 /* MoreInfoViewController.swift */; };
		B7E6AA4F18552CCD317FC9B0 /* SearchController.swift in Sources */ = {isa = PBXBuildFile; fileRef = B7E6A3F40425BE025B0EFA2A /* SearchController.swift */; };
		B7E6AA8A109EAEBB232F4B13 /* PostInfoController.swift in Sources */ = {isa = PBXBuildFile; fileRef = B7E6ACEFDD142635A5538916 /* PostInfoController.swift */; };
		B7E6AAC76CC37347DDC5E839 /* PakrTabBarController.swift in Sources */ = {isa = PBXBuildFile; fileRef = B7E6A7DADD4E069C9FDC1205 /* PakrTabBarController.swift */; };
		B7E6AAC9E99348518E9B6D21 /* ParkingResultCell.xib in Resources */ = {isa = PBXBuildFile; fileRef = B7E6A51ACE4DE755F7FFD0B0 /* ParkingResultCell.xib */; };
		B7E6AB23AF7B4AE99784DE6A /* parkings.json in Resources */ = {isa = PBXBuildFile; fileRef = B7E6A386378DAACA4E24F7D5 /* parkings.json */; };
		B7E6ABD3A10AC65DB81E05D6 /* ModifiedTextField.swift in Sources */ = {isa = PBXBuildFile; fileRef = B7E6A24A8DBFC8C0007805D2 /* ModifiedTextField.swift */; };
		B7E6ABFA04ECC1111B378897 /* ParkingListController.swift in Sources */ = {isa = PBXBuildFile; fileRef = B7E6A071EBFF288A1F900705 /* ParkingListController.swift */; };
		B7E6AC10C6333F9CB1A58377 /* DetailParkingController.swift in Sources */ = {isa = PBXBuildFile; fileRef = B7E6A74F09DDD0FB60E1832E /* DetailParkingController.swift */; };
		B7E6AC26951ACD27B35085B9 /* BookmarkController.swift in Sources */ = {isa = PBXBuildFile; fileRef = B7E6AD4CA630E87E2BDDBB76 /* BookmarkController.swift */; };
		B7E6AC35E4C87F435C2D14EE /* MapController.xib in Resources */ = {isa = PBXBuildFile; fileRef = B7E6AE118A66C51CF9111EFE /* MapController.xib */; };
		B7E6AC7B78DB97C1857BFF86 /* BookmarkController.xib in Resources */ = {isa = PBXBuildFile; fileRef = B7E6A55C48C62A83F2312ECA /* BookmarkController.xib */; };
		B7E6AC842CC3B34A20172827 /* ParkingResultCell.swift in Sources */ = {isa = PBXBuildFile; fileRef = B7E6AA27BF66F1D94F9CEBEB /* ParkingResultCell.swift */; };
		B7E6ACB7810CEC161EDDFE54 /* DetailParkingController.xib in Resources */ = {isa = PBXBuildFile; fileRef = B7E6A2693D20AC447658B4D2 /* DetailParkingController.xib */; };
		B7E6ACD4AFB74727E11B8305 /* BaseViewController.swift in Sources */ = {isa = PBXBuildFile; fileRef = B7E6ADBCC16F1F1310FEF0B3 /* BaseViewController.swift */; };
		B7E6AD3E3288600B7BBFED3A /* Comment.swift in Sources */ = {isa = PBXBuildFile; fileRef = B7E6A3C93DAA63FED816EBDC /* Comment.swift */; };
		B7E6AE1FA3C29FC389132252 /* DataServiceUtils.swift in Sources */ = {isa = PBXBuildFile; fileRef = B7E6A3B5CC8A67FAFE783663 /* DataServiceUtils.swift */; };
		B7E6AEF2228BC974A36C5467 /* SelectMapImageController.xib in Resources */ = {isa = PBXBuildFile; fileRef = B7E6A2DE0DDA440D80998929 /* SelectMapImageController.xib */; };
		B7E6AF0C09C71FD4655C185F /* PakrNavigationController.swift in Sources */ = {isa = PBXBuildFile; fileRef = B7E6AE091FCDC84EAF29B9C1 /* PakrNavigationController.swift */; };
		B7E6AF19EE30F5B4F828B06D /* UserHandler.swift in Sources */ = {isa = PBXBuildFile; fileRef = B7E6AC26C7397ACAC46579E1 /* UserHandler.swift */; };
		B7E6AF3C937CB19EF3DD55AD /* VehicleType.swift in Sources */ = {isa = PBXBuildFile; fileRef = B7E6AD0D0E1DCF14A45C5066 /* VehicleType.swift */; };
		B7E6AF56707503C0430290D1 /* SelectMapImageController.swift in Sources */ = {isa = PBXBuildFile; fileRef = B7E6AE9D42431DC887ADB819 /* SelectMapImageController.swift */; };
		B7E6AF7F39AE4F0E492EC726 /* Business.swift in Sources */ = {isa = PBXBuildFile; fileRef = B7E6A946454CF4EFFE32706D /* Business.swift */; };
		D60598B91CC416CB009C5BEB /* AddressBook.framework in Frameworks */ = {isa = PBXBuildFile; fileRef = D60598B81CC416CB009C5BEB /* AddressBook.framework */; };
		D60598BB1CC416F2009C5BEB /* StoreKit.framework in Frameworks */ = {isa = PBXBuildFile; fileRef = D60598BA1CC416F2009C5BEB /* StoreKit.framework */; };
		D60598BD1CC41701009C5BEB /* SystemConfiguration.framework in Frameworks */ = {isa = PBXBuildFile; fileRef = D60598BC1CC41701009C5BEB /* SystemConfiguration.framework */; };
		D60598C41CC42125009C5BEB /* AWSCore.framework in Frameworks */ = {isa = PBXBuildFile; fileRef = D60598C21CC42125009C5BEB /* AWSCore.framework */; };
		D60598C51CC42125009C5BEB /* AWSS3.framework in Frameworks */ = {isa = PBXBuildFile; fileRef = D60598C31CC42125009C5BEB /* AWSS3.framework */; };
		D60598C71CC42136009C5BEB /* AWSCognito.framework in Frameworks */ = {isa = PBXBuildFile; fileRef = D60598C61CC42136009C5BEB /* AWSCognito.framework */; };
		D60598C91CC421A3009C5BEB /* libsqlite3.tbd in Frameworks */ = {isa = PBXBuildFile; fileRef = D60598C81CC421A3009C5BEB /* libsqlite3.tbd */; };
		D60598CB1CC421AC009C5BEB /* libz.tbd in Frameworks */ = {isa = PBXBuildFile; fileRef = D60598CA1CC421AC009C5BEB /* libz.tbd */; };
		D60598D61CC4A863009C5BEB /* CommentTableViewCell.xib in Resources */ = {isa = PBXBuildFile; fileRef = D60598D01CC4A863009C5BEB /* CommentTableViewCell.xib */; };
		D60598D91CC4A863009C5BEB /* ReviewViewController.swift in Sources */ = {isa = PBXBuildFile; fileRef = D60598D31CC4A863009C5BEB /* ReviewViewController.swift */; };
		D60598DA1CC4A863009C5BEB /* ReviewViewController.xib in Resources */ = {isa = PBXBuildFile; fileRef = D60598D41CC4A863009C5BEB /* ReviewViewController.xib */; };
		D60598DE1CC4EA64009C5BEB /* Constants.swift in Sources */ = {isa = PBXBuildFile; fileRef = D60598DD1CC4EA64009C5BEB /* Constants.swift */; };
		D60598EB1CC4FFAF009C5BEB /* TestUploadController.swift in Sources */ = {isa = PBXBuildFile; fileRef = D60598EA1CC4FFAF009C5BEB /* TestUploadController.swift */; };
		D60598ED1CC5001E009C5BEB /* TestUploadController.xib in Resources */ = {isa = PBXBuildFile; fileRef = D60598EC1CC5001E009C5BEB /* TestUploadController.xib */; };
		D60598EF1CC963F7009C5BEB /* UIImage+Resize.swift in Sources */ = {isa = PBXBuildFile; fileRef = D60598EE1CC963F7009C5BEB /* UIImage+Resize.swift */; };
		D60598F21CC9E0DC009C5BEB /* AWSClient.swift in Sources */ = {isa = PBXBuildFile; fileRef = D60598F11CC9E0DC009C5BEB /* AWSClient.swift */; };
		D60598F61CC9E79E009C5BEB /* MD5.swift in Sources */ = {isa = PBXBuildFile; fileRef = D60598F51CC9E79E009C5BEB /* MD5.swift */; };
		D60598F81CCA19BB009C5BEB /* FileUtils.swift in Sources */ = {isa = PBXBuildFile; fileRef = D60598F71CCA19BB009C5BEB /* FileUtils.swift */; };
		D654A3781CC2D33D0095F74D /* AuthenPreferences.swift in Sources */ = {isa = PBXBuildFile; fileRef = D654A3771CC2D33D0095F74D /* AuthenPreferences.swift */; };
		D654A37A1CC2D3D20095F74D /* MapPreferences.swift in Sources */ = {isa = PBXBuildFile; fileRef = D654A3791CC2D3D20095F74D /* MapPreferences.swift */; };
		D654A3851CC369F50095F74D /* AuthService.swift in Sources */ = {isa = PBXBuildFile; fileRef = D654A3831CC369F50095F74D /* AuthService.swift */; };
		D654A3861CC369F50095F74D /* AuthServiceImpl.swift in Sources */ = {isa = PBXBuildFile; fileRef = D654A3841CC369F50095F74D /* AuthServiceImpl.swift */; };
		D654A38A1CC36A000095F74D /* FacebookAuth.swift in Sources */ = {isa = PBXBuildFile; fileRef = D654A3871CC36A000095F74D /* FacebookAuth.swift */; };
		D654A38B1CC36A000095F74D /* GoogleAuth.swift in Sources */ = {isa = PBXBuildFile; fileRef = D654A3881CC36A000095F74D /* GoogleAuth.swift */; };
		D654A38E1CC36A6C0095F74D /* SocialAuth.swift in Sources */ = {isa = PBXBuildFile; fileRef = D654A38D1CC36A6C0095F74D /* SocialAuth.swift */; };
		D6A14E4B1CC26AF600BC6A64 /* GoogleService-Info.plist in Resources */ = {isa = PBXBuildFile; fileRef = D6A14E4A1CC26AF600BC6A64 /* GoogleService-Info.plist */; };
		D6A14E4E1CC26CF300BC6A64 /* LoginController.swift in Sources */ = {isa = PBXBuildFile; fileRef = D6A14E4D1CC26CF300BC6A64 /* LoginController.swift */; };
		D6A14E501CC26D2600BC6A64 /* LoginController.xib in Resources */ = {isa = PBXBuildFile; fileRef = D6A14E4F1CC26D2600BC6A64 /* LoginController.xib */; };
		D6A14E531CC2798000BC6A64 /* CircularImageView.swift in Sources */ = {isa = PBXBuildFile; fileRef = D6A14E521CC2798000BC6A64 /* CircularImageView.swift */; };
		D6A14E591CC27DFB00BC6A64 /* ProfileDataManager.swift in Sources */ = {isa = PBXBuildFile; fileRef = D6A14E581CC27DFB00BC6A64 /* ProfileDataManager.swift */; };
		D6A14E5D1CC280B300BC6A64 /* RoundCornerImageView.swift in Sources */ = {isa = PBXBuildFile; fileRef = D6A14E5C1CC280B300BC6A64 /* RoundCornerImageView.swift */; };
		D6A14E601CC2A90A00BC6A64 /* ExtendedCell.swift in Sources */ = {isa = PBXBuildFile; fileRef = D6A14E5F1CC2A90A00BC6A64 /* ExtendedCell.swift */; };
/* End PBXBuildFile section */

/* Begin PBXFileReference section */
		1063B5BB1CCB541A00D08A33 /* WorkTimeTableViewCell.swift */ = {isa = PBXFileReference; fileEncoding = 4; lastKnownFileType = sourcecode.swift; path = WorkTimeTableViewCell.swift; sourceTree = "<group>"; };
		1063B5BC1CCB541A00D08A33 /* WorkTimeTableViewCell.xib */ = {isa = PBXFileReference; fileEncoding = 4; lastKnownFileType = file.xib; path = WorkTimeTableViewCell.xib; sourceTree = "<group>"; };
		10C3DF381CC5E84100352E2D /* ShowAllCommentTableViewController.swift */ = {isa = PBXFileReference; fileEncoding = 4; lastKnownFileType = sourcecode.swift; name = ShowAllCommentTableViewController.swift; path = Children/Controller/ShowAllCommentTableViewController.swift; sourceTree = "<group>"; };
		10D1A8AA1CC63282002867BC /* ReviewTableViewCell.swift */ = {isa = PBXFileReference; fileEncoding = 4; lastKnownFileType = sourcecode.swift; name = ReviewTableViewCell.swift; path = ../Children/ReviewTableViewCell.swift; sourceTree = "<group>"; };
		10D1A8AB1CC63282002867BC /* ReviewTableViewCell.xib */ = {isa = PBXFileReference; fileEncoding = 4; lastKnownFileType = file.xib; name = ReviewTableViewCell.xib; path = ../Children/ReviewTableViewCell.xib; sourceTree = "<group>"; };
		10D1A8AE1CC64649002867BC /* RatingControl.swift */ = {isa = PBXFileReference; fileEncoding = 4; lastKnownFileType = sourcecode.swift; name = RatingControl.swift; path = Children/Controller/RatingControl.swift; sourceTree = "<group>"; };
		10D1A8B11CC64B29002867BC /* CommentTableViewCell.swift */ = {isa = PBXFileReference; fileEncoding = 4; lastKnownFileType = sourcecode.swift; path = CommentTableViewCell.swift; sourceTree = "<group>"; };
		4FD9FFB8B2A762AE7B807D9E /* Pods-pakr.debug.xcconfig */ = {isa = PBXFileReference; includeInIndex = 1; lastKnownFileType = text.xcconfig; name = "Pods-pakr.debug.xcconfig"; path = "Pods/Target Support Files/Pods-pakr/Pods-pakr.debug.xcconfig"; sourceTree = "<group>"; };
		723552981CC4CD8400090651 /* GMPlace.swift */ = {isa = PBXFileReference; fileEncoding = 4; lastKnownFileType = sourcecode.swift; path = GMPlace.swift; sourceTree = "<group>"; };
		7235529B1CC4D39400090651 /* AddressPickerController.swift */ = {isa = PBXFileReference; fileEncoding = 4; lastKnownFileType = sourcecode.swift; path = AddressPickerController.swift; sourceTree = "<group>"; };
		7235529C1CC4D39400090651 /* AddressPickerController.xib */ = {isa = PBXFileReference; fileEncoding = 4; lastKnownFileType = file.xib; path = AddressPickerController.xib; sourceTree = "<group>"; };
		723552A01CC4D3DB00090651 /* GMPlaceCell.swift */ = {isa = PBXFileReference; fileEncoding = 4; lastKnownFileType = sourcecode.swift; path = GMPlaceCell.swift; sourceTree = "<group>"; };
		723552A11CC4D3DB00090651 /* GMPlaceCell.xib */ = {isa = PBXFileReference; fileEncoding = 4; lastKnownFileType = file.xib; path = GMPlaceCell.xib; sourceTree = "<group>"; };
		723E739C1CC995F3008C527C /* ParseModelProxy.swift */ = {isa = PBXFileReference; fileEncoding = 4; lastKnownFileType = sourcecode.swift; path = ParseModelProxy.swift; sourceTree = "<group>"; };
		7274B8D31CC2884B007E4B82 /* PakrImageUtils.swift */ = {isa = PBXFileReference; fileEncoding = 4; lastKnownFileType = sourcecode.swift; path = PakrImageUtils.swift; sourceTree = "<group>"; };
		7274B8E11CC32CF9007E4B82 /* GMServices.swift */ = {isa = PBXFileReference; fileEncoding = 4; lastKnownFileType = sourcecode.swift; path = GMServices.swift; sourceTree = "<group>"; };
		7295DE651CC13F030001B852 /* Images.xcassets */ = {isa = PBXFileReference; lastKnownFileType = folder.assetcatalog; name = Images.xcassets; path = ../Images.xcassets; sourceTree = "<group>"; };
		8883172CD0A6C2613E2AB210 /* Pods-pakr.release.xcconfig */ = {isa = PBXFileReference; includeInIndex = 1; lastKnownFileType = text.xcconfig; name = "Pods-pakr.release.xcconfig"; path = "Pods/Target Support Files/Pods-pakr/Pods-pakr.release.xcconfig"; sourceTree = "<group>"; };
		9870136ADB30BD79474A430C /* Pods_pakr.framework */ = {isa = PBXFileReference; explicitFileType = wrapper.framework; includeInIndex = 0; path = Pods_pakr.framework; sourceTree = BUILT_PRODUCTS_DIR; };
		B7E6A032DDDCAB9FB073B82B /* WebServiceFactory.swift */ = {isa = PBXFileReference; fileEncoding = 4; lastKnownFileType = sourcecode.swift; path = WebServiceFactory.swift; sourceTree = "<group>"; };
		B7E6A071EBFF288A1F900705 /* ParkingListController.swift */ = {isa = PBXFileReference; fileEncoding = 4; lastKnownFileType = sourcecode.swift; path = ParkingListController.swift; sourceTree = "<group>"; };
		B7E6A091AAB6F9843BAE5107 /* LayoutUtils.swift */ = {isa = PBXFileReference; fileEncoding = 4; lastKnownFileType = sourcecode.swift; path = LayoutUtils.swift; sourceTree = "<group>"; };
		B7E6A0FCBFCFE1378FBCFF93 /* MoreInfoViewController.xib */ = {isa = PBXFileReference; lastKnownFileType = file.xib; path = MoreInfoViewController.xib; sourceTree = "<group>"; };
		B7E6A122699477C5E67ECE5E /* ParkingListController.xib */ = {isa = PBXFileReference; lastKnownFileType = file.xib; path = ParkingListController.xib; sourceTree = "<group>"; };
		B7E6A145EF2DF7DDD58149AD /* Parking.swift */ = {isa = PBXFileReference; fileEncoding = 4; lastKnownFileType = sourcecode.swift; path = Parking.swift; sourceTree = "<group>"; };
		B7E6A21D1C8EEE8A1850D968 /* UserHandlerMockImpl.swift */ = {isa = PBXFileReference; fileEncoding = 4; lastKnownFileType = sourcecode.swift; path = UserHandlerMockImpl.swift; sourceTree = "<group>"; };
		B7E6A22BC922751D53642CFB /* PostInfoController.xib */ = {isa = PBXFileReference; lastKnownFileType = file.xib; path = PostInfoController.xib; sourceTree = "<group>"; };
		B7E6A23B81B68BFA49FF4D68 /* Post.swift */ = {isa = PBXFileReference; fileEncoding = 4; lastKnownFileType = sourcecode.swift; path = Post.swift; sourceTree = "<group>"; };
		B7E6A24A8DBFC8C0007805D2 /* ModifiedTextField.swift */ = {isa = PBXFileReference; fileEncoding = 4; lastKnownFileType = sourcecode.swift; path = ModifiedTextField.swift; sourceTree = "<group>"; };
		B7E6A2693D20AC447658B4D2 /* DetailParkingController.xib */ = {isa = PBXFileReference; lastKnownFileType = file.xib; path = DetailParkingController.xib; sourceTree = "<group>"; };
		B7E6A280C6A3B7D99D404FB7 /* HomeViewController.swift */ = {isa = PBXFileReference; fileEncoding = 4; lastKnownFileType = sourcecode.swift; path = HomeViewController.swift; sourceTree = "<group>"; };
		B7E6A2DE0DDA440D80998929 /* SelectMapImageController.xib */ = {isa = PBXFileReference; lastKnownFileType = file.xib; path = SelectMapImageController.xib; sourceTree = "<group>"; };
		B7E6A331D58A2E2A1A82F0AC /* ProfileController.xib */ = {isa = PBXFileReference; lastKnownFileType = file.xib; path = ProfileController.xib; sourceTree = "<group>"; };
		B7E6A386378DAACA4E24F7D5 /* parkings.json */ = {isa = PBXFileReference; fileEncoding = 4; lastKnownFileType = text.json; path = parkings.json; sourceTree = "<group>"; };
		B7E6A3B5CC8A67FAFE783663 /* DataServiceUtils.swift */ = {isa = PBXFileReference; fileEncoding = 4; lastKnownFileType = sourcecode.swift; path = DataServiceUtils.swift; sourceTree = "<group>"; };
		B7E6A3C93DAA63FED816EBDC /* Comment.swift */ = {isa = PBXFileReference; fileEncoding = 4; lastKnownFileType = sourcecode.swift; path = Comment.swift; sourceTree = "<group>"; };
		B7E6A3F40425BE025B0EFA2A /* SearchController.swift */ = {isa = PBXFileReference; fileEncoding = 4; lastKnownFileType = sourcecode.swift; path = SearchController.swift; sourceTree = "<group>"; };
		B7E6A3F998205793997B411C /* PostParkingController.swift */ = {isa = PBXFileReference; fileEncoding = 4; lastKnownFileType = sourcecode.swift; path = PostParkingController.swift; sourceTree = "<group>"; };
		B7E6A401D78FD167E1317138 /* JSONUtils.swift */ = {isa = PBXFileReference; fileEncoding = 4; lastKnownFileType = sourcecode.swift; path = JSONUtils.swift; sourceTree = "<group>"; };
		B7E6A40C0FC253C1AFE78D7B /* VerifyController.xib */ = {isa = PBXFileReference; lastKnownFileType = file.xib; path = VerifyController.xib; sourceTree = "<group>"; };
		B7E6A43E71032DC2B0D1F1CF /* Repository.swift */ = {isa = PBXFileReference; fileEncoding = 4; lastKnownFileType = sourcecode.swift; path = Repository.swift; sourceTree = "<group>"; };
		B7E6A472B3B61BB6955C8474 /* AddressServiceParseImpl.swift */ = {isa = PBXFileReference; fileEncoding = 4; lastKnownFileType = sourcecode.swift; path = AddressServiceParseImpl.swift; sourceTree = "<group>"; };
		B7E6A472F7C0783489C722A9 /* AddressServiceMockImpl.swift */ = {isa = PBXFileReference; fileEncoding = 4; lastKnownFileType = sourcecode.swift; path = AddressServiceMockImpl.swift; sourceTree = "<group>"; };
		B7E6A4C179A35653DB255FA2 /* TimeRange.swift */ = {isa = PBXFileReference; fileEncoding = 4; lastKnownFileType = sourcecode.swift; path = TimeRange.swift; sourceTree = "<group>"; };
		B7E6A4FF18220112CA540A35 /* AddressService.swift */ = {isa = PBXFileReference; fileEncoding = 4; lastKnownFileType = sourcecode.swift; path = AddressService.swift; sourceTree = "<group>"; };
		B7E6A51ACE4DE755F7FFD0B0 /* ParkingResultCell.xib */ = {isa = PBXFileReference; lastKnownFileType = file.xib; path = ParkingResultCell.xib; sourceTree = "<group>"; };
		B7E6A543093BE10B2149A1B1 /* CustomTimePicker.h */ = {isa = PBXFileReference; fileEncoding = 4; lastKnownFileType = sourcecode.c.h; path = CustomTimePicker.h; sourceTree = "<group>"; };
		B7E6A55C48C62A83F2312ECA /* BookmarkController.xib */ = {isa = PBXFileReference; lastKnownFileType = file.xib; path = BookmarkController.xib; sourceTree = "<group>"; };
		B7E6A5F90F4B6CED9046691F /* ProfileController.swift */ = {isa = PBXFileReference; fileEncoding = 4; lastKnownFileType = sourcecode.swift; path = ProfileController.swift; sourceTree = "<group>"; };
		B7E6A60D20B035896508B0E8 /* MapDetailViewController.xib */ = {isa = PBXFileReference; lastKnownFileType = file.xib; path = MapDetailViewController.xib; sourceTree = "<group>"; };
		B7E6A62B148D4FB6723C6476 /* Role.swift */ = {isa = PBXFileReference; fileEncoding = 4; lastKnownFileType = sourcecode.swift; path = Role.swift; sourceTree = "<group>"; };
		B7E6A63481B334288580DA83 /* MoreInfoViewController.swift */ = {isa = PBXFileReference; fileEncoding = 4; lastKnownFileType = sourcecode.swift; path = MoreInfoViewController.swift; sourceTree = "<group>"; };
		B7E6A6905926188216D6F1AD /* MapDetailViewController.swift */ = {isa = PBXFileReference; fileEncoding = 4; lastKnownFileType = sourcecode.swift; path = MapDetailViewController.swift; sourceTree = "<group>"; };
		B7E6A6B8191890B5F1C4CC3E /* Pakr-Bridging-Header.h */ = {isa = PBXFileReference; fileEncoding = 4; lastKnownFileType = sourcecode.c.h; name = "Pakr-Bridging-Header.h"; path = "../Pakr-Bridging-Header.h"; sourceTree = "<group>"; };
		B7E6A732F76F5BB71877755C /* PhotosCollectionViewCell.xib */ = {isa = PBXFileReference; lastKnownFileType = file.xib; name = PhotosCollectionViewCell.xib; path = ../Children/PhotosCollectionViewCell.xib; sourceTree = "<group>"; };
		B7E6A74F09DDD0FB60E1832E /* DetailParkingController.swift */ = {isa = PBXFileReference; fileEncoding = 4; lastKnownFileType = sourcecode.swift; path = DetailParkingController.swift; sourceTree = "<group>"; };
		B7E6A7DADD4E069C9FDC1205 /* PakrTabBarController.swift */ = {isa = PBXFileReference; fileEncoding = 4; lastKnownFileType = sourcecode.swift; path = PakrTabBarController.swift; sourceTree = "<group>"; };
		B7E6A8510BAF5056FAF378E0 /* AppDelegate.swift */ = {isa = PBXFileReference; fileEncoding = 4; lastKnownFileType = sourcecode.swift; path = AppDelegate.swift; sourceTree = "<group>"; };
		B7E6A8EE7F3988A5CD7DEDA7 /* Info.plist */ = {isa = PBXFileReference; fileEncoding = 4; lastKnownFileType = text.plist.xml; name = Info.plist; path = ../Info.plist; sourceTree = "<group>"; };
		B7E6A946454CF4EFFE32706D /* Business.swift */ = {isa = PBXFileReference; fileEncoding = 4; lastKnownFileType = sourcecode.swift; path = Business.swift; sourceTree = "<group>"; };
		B7E6A99549118700A88D2B9C /* MapController.swift */ = {isa = PBXFileReference; fileEncoding = 4; lastKnownFileType = sourcecode.swift; path = MapController.swift; sourceTree = "<group>"; };
		B7E6AA27BF66F1D94F9CEBEB /* ParkingResultCell.swift */ = {isa = PBXFileReference; fileEncoding = 4; lastKnownFileType = sourcecode.swift; path = ParkingResultCell.swift; sourceTree = "<group>"; };
		B7E6AB0F139FACFD90203504 /* SearchController.xib */ = {isa = PBXFileReference; lastKnownFileType = file.xib; path = SearchController.xib; sourceTree = "<group>"; };
		B7E6AB3FEFBC936273E16A5B /* CustomTimePicker.m */ = {isa = PBXFileReference; fileEncoding = 4; lastKnownFileType = sourcecode.c.objc; path = CustomTimePicker.m; sourceTree = "<group>"; };
		B7E6AC26C7397ACAC46579E1 /* UserHandler.swift */ = {isa = PBXFileReference; fileEncoding = 4; lastKnownFileType = sourcecode.swift; path = UserHandler.swift; sourceTree = "<group>"; };
		B7E6AC3CA3BBC69562B36F25 /* PakrCLLocationCoordinate2D.swift */ = {isa = PBXFileReference; fileEncoding = 4; lastKnownFileType = sourcecode.swift; name = PakrCLLocationCoordinate2D.swift; path = Utils/PakrCLLocationCoordinate2D.swift; sourceTree = "<group>"; };
		B7E6AC6D92106C69A930C5BE /* Bookmark.swift */ = {isa = PBXFileReference; fileEncoding = 4; lastKnownFileType = sourcecode.swift; path = Bookmark.swift; sourceTree = "<group>"; };
		B7E6ACEFDD142635A5538916 /* PostInfoController.swift */ = {isa = PBXFileReference; fileEncoding = 4; lastKnownFileType = sourcecode.swift; path = PostInfoController.swift; sourceTree = "<group>"; };
		B7E6ACFA00B87FBB2B3A50D1 /* Topic.swift */ = {isa = PBXFileReference; fileEncoding = 4; lastKnownFileType = sourcecode.swift; path = Topic.swift; sourceTree = "<group>"; };
		B7E6AD0D0E1DCF14A45C5066 /* VehicleType.swift */ = {isa = PBXFileReference; fileEncoding = 4; lastKnownFileType = sourcecode.swift; path = VehicleType.swift; sourceTree = "<group>"; };
		B7E6AD4CA630E87E2BDDBB76 /* BookmarkController.swift */ = {isa = PBXFileReference; fileEncoding = 4; lastKnownFileType = sourcecode.swift; path = BookmarkController.swift; sourceTree = "<group>"; };
		B7E6AD6CB8156C69D362F482 /* ParkAnnotation.swift */ = {isa = PBXFileReference; fileEncoding = 4; lastKnownFileType = sourcecode.swift; path = ParkAnnotation.swift; sourceTree = "<group>"; };
		B7E6AD7C28278C80D4106921 /* Coordinate.swift */ = {isa = PBXFileReference; fileEncoding = 4; lastKnownFileType = sourcecode.swift; path = Coordinate.swift; sourceTree = "<group>"; };
		B7E6AD886507C567CEEE6A5A /* UserHandlerRealmImpl.swift */ = {isa = PBXFileReference; fileEncoding = 4; lastKnownFileType = sourcecode.swift; path = UserHandlerRealmImpl.swift; sourceTree = "<group>"; };
		B7E6ADBCC16F1F1310FEF0B3 /* BaseViewController.swift */ = {isa = PBXFileReference; fileEncoding = 4; lastKnownFileType = sourcecode.swift; path = BaseViewController.swift; sourceTree = "<group>"; };
		B7E6ADE1860F36823A0CBF02 /* PostParkingController.xib */ = {isa = PBXFileReference; lastKnownFileType = file.xib; path = PostParkingController.xib; sourceTree = "<group>"; };
		B7E6AE091FCDC84EAF29B9C1 /* PakrNavigationController.swift */ = {isa = PBXFileReference; fileEncoding = 4; lastKnownFileType = sourcecode.swift; path = PakrNavigationController.swift; sourceTree = "<group>"; };
		B7E6AE118A66C51CF9111EFE /* MapController.xib */ = {isa = PBXFileReference; lastKnownFileType = file.xib; path = MapController.xib; sourceTree = "<group>"; };
		B7E6AE23F891252FC6A10BA5 /* PhotosCollectionViewCell.swift */ = {isa = PBXFileReference; fileEncoding = 4; lastKnownFileType = sourcecode.swift; name = PhotosCollectionViewCell.swift; path = ../Children/PhotosCollectionViewCell.swift; sourceTree = "<group>"; };
		B7E6AE9D42431DC887ADB819 /* SelectMapImageController.swift */ = {isa = PBXFileReference; fileEncoding = 4; lastKnownFileType = sourcecode.swift; path = SelectMapImageController.swift; sourceTree = "<group>"; };
		B7E6AED608E5BCC64FD9D5AE /* VehicleDetail.swift */ = {isa = PBXFileReference; fileEncoding = 4; lastKnownFileType = sourcecode.swift; path = VehicleDetail.swift; sourceTree = "<group>"; };
		B7E6AFC20BF691E4A0CFE221 /* User.swift */ = {isa = PBXFileReference; fileEncoding = 4; lastKnownFileType = sourcecode.swift; path = User.swift; sourceTree = "<group>"; };
		B7E6AFEBDE30EC4F495F0F9C /* VerifyController.swift */ = {isa = PBXFileReference; fileEncoding = 4; lastKnownFileType = sourcecode.swift; path = VerifyController.swift; sourceTree = "<group>"; };
		D60598B81CC416CB009C5BEB /* AddressBook.framework */ = {isa = PBXFileReference; lastKnownFileType = wrapper.framework; name = AddressBook.framework; path = System/Library/Frameworks/AddressBook.framework; sourceTree = SDKROOT; };
		D60598BA1CC416F2009C5BEB /* StoreKit.framework */ = {isa = PBXFileReference; lastKnownFileType = wrapper.framework; name = StoreKit.framework; path = System/Library/Frameworks/StoreKit.framework; sourceTree = SDKROOT; };
		D60598BC1CC41701009C5BEB /* SystemConfiguration.framework */ = {isa = PBXFileReference; lastKnownFileType = wrapper.framework; name = SystemConfiguration.framework; path = System/Library/Frameworks/SystemConfiguration.framework; sourceTree = SDKROOT; };
		D60598C21CC42125009C5BEB /* AWSCore.framework */ = {isa = PBXFileReference; lastKnownFileType = wrapper.framework; name = AWSCore.framework; path = pakr/Sdk/Aws/AWSCore.framework; sourceTree = "<group>"; };
		D60598C31CC42125009C5BEB /* AWSS3.framework */ = {isa = PBXFileReference; lastKnownFileType = wrapper.framework; name = AWSS3.framework; path = pakr/Sdk/Aws/AWSS3.framework; sourceTree = "<group>"; };
		D60598C61CC42136009C5BEB /* AWSCognito.framework */ = {isa = PBXFileReference; lastKnownFileType = wrapper.framework; name = AWSCognito.framework; path = pakr/Sdk/Aws/extras/AWSCognito.framework; sourceTree = "<group>"; };
		D60598C81CC421A3009C5BEB /* libsqlite3.tbd */ = {isa = PBXFileReference; lastKnownFileType = "sourcecode.text-based-dylib-definition"; name = libsqlite3.tbd; path = usr/lib/libsqlite3.tbd; sourceTree = SDKROOT; };
		D60598CA1CC421AC009C5BEB /* libz.tbd */ = {isa = PBXFileReference; lastKnownFileType = "sourcecode.text-based-dylib-definition"; name = libz.tbd; path = usr/lib/libz.tbd; sourceTree = SDKROOT; };
		D60598D01CC4A863009C5BEB /* CommentTableViewCell.xib */ = {isa = PBXFileReference; fileEncoding = 4; lastKnownFileType = file.xib; name = CommentTableViewCell.xib; path = ../Children/Controller/CommentTableViewCell.xib; sourceTree = "<group>"; };
		D60598D31CC4A863009C5BEB /* ReviewViewController.swift */ = {isa = PBXFileReference; fileEncoding = 4; lastKnownFileType = sourcecode.swift; name = ReviewViewController.swift; path = Children/Controller/ReviewViewController.swift; sourceTree = "<group>"; };
		D60598D41CC4A863009C5BEB /* ReviewViewController.xib */ = {isa = PBXFileReference; fileEncoding = 4; lastKnownFileType = file.xib; name = ReviewViewController.xib; path = Children/Controller/ReviewViewController.xib; sourceTree = "<group>"; };
		D60598DD1CC4EA64009C5BEB /* Constants.swift */ = {isa = PBXFileReference; fileEncoding = 4; lastKnownFileType = sourcecode.swift; path = Constants.swift; sourceTree = "<group>"; };
		D60598EA1CC4FFAF009C5BEB /* TestUploadController.swift */ = {isa = PBXFileReference; fileEncoding = 4; lastKnownFileType = sourcecode.swift; name = TestUploadController.swift; path = Test/TestUploadController.swift; sourceTree = "<group>"; };
		D60598EC1CC5001E009C5BEB /* TestUploadController.xib */ = {isa = PBXFileReference; fileEncoding = 4; lastKnownFileType = file.xib; name = TestUploadController.xib; path = Test/TestUploadController.xib; sourceTree = "<group>"; };
		D60598EE1CC963F7009C5BEB /* UIImage+Resize.swift */ = {isa = PBXFileReference; fileEncoding = 4; lastKnownFileType = sourcecode.swift; name = "UIImage+Resize.swift"; path = "Extensions/UIImage+Resize.swift"; sourceTree = "<group>"; };
		D60598F11CC9E0DC009C5BEB /* AWSClient.swift */ = {isa = PBXFileReference; fileEncoding = 4; lastKnownFileType = sourcecode.swift; path = AWSClient.swift; sourceTree = "<group>"; };
		D60598F51CC9E79E009C5BEB /* MD5.swift */ = {isa = PBXFileReference; fileEncoding = 4; lastKnownFileType = sourcecode.swift; name = MD5.swift; path = Extensions/MD5.swift; sourceTree = "<group>"; };
		D60598F71CCA19BB009C5BEB /* FileUtils.swift */ = {isa = PBXFileReference; fileEncoding = 4; lastKnownFileType = sourcecode.swift; path = FileUtils.swift; sourceTree = "<group>"; };
		D6490D381CBFF85700016AA6 /* pakr.app */ = {isa = PBXFileReference; explicitFileType = wrapper.application; includeInIndex = 0; path = pakr.app; sourceTree = BUILT_PRODUCTS_DIR; };
		D654A3771CC2D33D0095F74D /* AuthenPreferences.swift */ = {isa = PBXFileReference; fileEncoding = 4; lastKnownFileType = sourcecode.swift; name = AuthenPreferences.swift; path = Preferences/AuthenPreferences.swift; sourceTree = "<group>"; };
		D654A3791CC2D3D20095F74D /* MapPreferences.swift */ = {isa = PBXFileReference; fileEncoding = 4; lastKnownFileType = sourcecode.swift; name = MapPreferences.swift; path = Preferences/MapPreferences.swift; sourceTree = "<group>"; };
		D654A3831CC369F50095F74D /* AuthService.swift */ = {isa = PBXFileReference; fileEncoding = 4; lastKnownFileType = sourcecode.swift; name = AuthService.swift; path = Service/AuthService.swift; sourceTree = "<group>"; };
		D654A3841CC369F50095F74D /* AuthServiceImpl.swift */ = {isa = PBXFileReference; fileEncoding = 4; lastKnownFileType = sourcecode.swift; name = AuthServiceImpl.swift; path = Service/AuthServiceImpl.swift; sourceTree = "<group>"; };
		D654A3871CC36A000095F74D /* FacebookAuth.swift */ = {isa = PBXFileReference; fileEncoding = 4; lastKnownFileType = sourcecode.swift; name = FacebookAuth.swift; path = Manager/FacebookAuth.swift; sourceTree = "<group>"; };
		D654A3881CC36A000095F74D /* GoogleAuth.swift */ = {isa = PBXFileReference; fileEncoding = 4; lastKnownFileType = sourcecode.swift; name = GoogleAuth.swift; path = Manager/GoogleAuth.swift; sourceTree = "<group>"; };
		D654A38D1CC36A6C0095F74D /* SocialAuth.swift */ = {isa = PBXFileReference; fileEncoding = 4; lastKnownFileType = sourcecode.swift; name = SocialAuth.swift; path = Manager/SocialAuth.swift; sourceTree = "<group>"; };
		D6A14E4A1CC26AF600BC6A64 /* GoogleService-Info.plist */ = {isa = PBXFileReference; fileEncoding = 4; lastKnownFileType = text.plist.xml; path = "GoogleService-Info.plist"; sourceTree = "<group>"; };
		D6A14E4D1CC26CF300BC6A64 /* LoginController.swift */ = {isa = PBXFileReference; fileEncoding = 4; lastKnownFileType = sourcecode.swift; name = LoginController.swift; path = Login/LoginController.swift; sourceTree = "<group>"; };
		D6A14E4F1CC26D2600BC6A64 /* LoginController.xib */ = {isa = PBXFileReference; fileEncoding = 4; lastKnownFileType = file.xib; name = LoginController.xib; path = Login/LoginController.xib; sourceTree = "<group>"; };
		D6A14E521CC2798000BC6A64 /* CircularImageView.swift */ = {isa = PBXFileReference; fileEncoding = 4; lastKnownFileType = sourcecode.swift; name = CircularImageView.swift; path = ImageView/CircularImageView.swift; sourceTree = "<group>"; };
		D6A14E581CC27DFB00BC6A64 /* ProfileDataManager.swift */ = {isa = PBXFileReference; fileEncoding = 4; lastKnownFileType = sourcecode.swift; name = ProfileDataManager.swift; path = manager/ProfileDataManager.swift; sourceTree = "<group>"; };
		D6A14E5C1CC280B300BC6A64 /* RoundCornerImageView.swift */ = {isa = PBXFileReference; fileEncoding = 4; lastKnownFileType = sourcecode.swift; name = RoundCornerImageView.swift; path = ImageView/RoundCornerImageView.swift; sourceTree = "<group>"; };
		D6A14E5F1CC2A90A00BC6A64 /* ExtendedCell.swift */ = {isa = PBXFileReference; fileEncoding = 4; lastKnownFileType = sourcecode.swift; name = ExtendedCell.swift; path = Cell/ExtendedCell.swift; sourceTree = "<group>"; };
/* End PBXFileReference section */

/* Begin PBXFrameworksBuildPhase section */
		D6490D351CBFF85700016AA6 /* Frameworks */ = {
			isa = PBXFrameworksBuildPhase;
			buildActionMask = 2147483647;
			files = (
				D60598CB1CC421AC009C5BEB /* libz.tbd in Frameworks */,
				D60598C91CC421A3009C5BEB /* libsqlite3.tbd in Frameworks */,
				D60598C41CC42125009C5BEB /* AWSCore.framework in Frameworks */,
				D60598C51CC42125009C5BEB /* AWSS3.framework in Frameworks */,
				D60598C71CC42136009C5BEB /* AWSCognito.framework in Frameworks */,
				D60598BD1CC41701009C5BEB /* SystemConfiguration.framework in Frameworks */,
				D60598BB1CC416F2009C5BEB /* StoreKit.framework in Frameworks */,
				D60598B91CC416CB009C5BEB /* AddressBook.framework in Frameworks */,
				23223FA1AA3AF5DA4D275A26 /* Pods_pakr.framework in Frameworks */,
			);
			runOnlyForDeploymentPostprocessing = 0;
		};
/* End PBXFrameworksBuildPhase section */

/* Begin PBXGroup section */
		081F5D89FB2D7E4CF7A7BA30 /* Frameworks */ = {
			isa = PBXGroup;
			children = (
				D60598CA1CC421AC009C5BEB /* libz.tbd */,
				D60598C81CC421A3009C5BEB /* libsqlite3.tbd */,
				D60598C61CC42136009C5BEB /* AWSCognito.framework */,
				D60598C21CC42125009C5BEB /* AWSCore.framework */,
				D60598C31CC42125009C5BEB /* AWSS3.framework */,
				D60598BC1CC41701009C5BEB /* SystemConfiguration.framework */,
				D60598BA1CC416F2009C5BEB /* StoreKit.framework */,
				D60598B81CC416CB009C5BEB /* AddressBook.framework */,
				9870136ADB30BD79474A430C /* Pods_pakr.framework */,
			);
			name = Frameworks;
			sourceTree = "<group>";
		};
		1063B5BA1CCB541A00D08A33 /* cell */ = {
			isa = PBXGroup;
			children = (
				1063B5BB1CCB541A00D08A33 /* WorkTimeTableViewCell.swift */,
				1063B5BC1CCB541A00D08A33 /* WorkTimeTableViewCell.xib */,
			);
			path = cell;
			sourceTree = "<group>";
		};
		10D1A8B01CC647FE002867BC /* Cell */ = {
			isa = PBXGroup;
			children = (
				B7E6AE23F891252FC6A10BA5 /* PhotosCollectionViewCell.swift */,
				10D1A8AB1CC63282002867BC /* ReviewTableViewCell.xib */,
				10D1A8AA1CC63282002867BC /* ReviewTableViewCell.swift */,
				B7E6A732F76F5BB71877755C /* PhotosCollectionViewCell.xib */,
				D60598D01CC4A863009C5BEB /* CommentTableViewCell.xib */,
				10D1A8B11CC64B29002867BC /* CommentTableViewCell.swift */,
			);
			path = Cell;
			sourceTree = "<group>";
		};
		723552971CC4CD7600090651 /* GoogleServices */ = {
			isa = PBXGroup;
			children = (
				723552981CC4CD8400090651 /* GMPlace.swift */,
			);
			path = GoogleServices;
			sourceTree = "<group>";
		};
		7235529A1CC4D39400090651 /* AddressPicker */ = {
			isa = PBXGroup;
			children = (
				7235529B1CC4D39400090651 /* AddressPickerController.swift */,
				7235529C1CC4D39400090651 /* AddressPickerController.xib */,
				7235529F1CC4D3AD00090651 /* View */,
			);
			path = AddressPicker;
			sourceTree = "<group>";
		};
		7235529F1CC4D3AD00090651 /* View */ = {
			isa = PBXGroup;
			children = (
				723552A01CC4D3DB00090651 /* GMPlaceCell.swift */,
				723552A11CC4D3DB00090651 /* GMPlaceCell.xib */,
			);
			path = View;
			sourceTree = "<group>";
		};
		7274B8E01CC32CCD007E4B82 /* Geocode */ = {
			isa = PBXGroup;
			children = (
				7274B8E11CC32CF9007E4B82 /* GMServices.swift */,
			);
			path = Geocode;
			sourceTree = "<group>";
		};
		8EE95B9CD067AA4023D5833D /* Pods */ = {
			isa = PBXGroup;
			children = (
				4FD9FFB8B2A762AE7B807D9E /* Pods-pakr.debug.xcconfig */,
				8883172CD0A6C2613E2AB210 /* Pods-pakr.release.xcconfig */,
			);
			name = Pods;
			sourceTree = "<group>";
		};
		B7E6A013ECD1135877676FCA /* VerifyScreen */ = {
			isa = PBXGroup;
			children = (
				B7E6A40C0FC253C1AFE78D7B /* VerifyController.xib */,
				B7E6AFEBDE30EC4F495F0F9C /* VerifyController.swift */,
			);
			path = VerifyScreen;
			sourceTree = "<group>";
		};
		B7E6A03F5FF785EEB1D8FCEC /* DataHandler */ = {
			isa = PBXGroup;
			children = (
				B7E6AE2E0B4B400318DC5644 /* User */,
			);
			path = DataHandler;
			sourceTree = "<group>";
		};
		B7E6A0B8F1F7E1D22FD0CC00 /* UserInterface */ = {
			isa = PBXGroup;
			children = (
				D6A14E4C1CC26CD600BC6A64 /* Login */,
				B7E6A9783C611E74FD2EC42B /* Home */,
				B7E6A72F93CDF725F9003646 /* MapView */,
				B7E6A34EE14BFD27A72D3317 /* Bookmark */,
				B7E6A86D4A2B030BDD7C051A /* SearchView */,
				B7E6A2043B5477A424C601A4 /* ListParking */,
				B7E6A7E1D3E68279C9426F63 /* PostParking */,
				B7E6A96A0627345E65331F41 /* ProfileView */,
				B7E6AE0A1EB71547762CC233 /* DetailParking */,
			);
			path = UserInterface;
			sourceTree = "<group>";
		};
		B7E6A2043B5477A424C601A4 /* ListParking */ = {
			isa = PBXGroup;
			children = (
				B7E6AD0D73315D341A68D925 /* Cell */,
				B7E6A122699477C5E67ECE5E /* ParkingListController.xib */,
				B7E6A071EBFF288A1F900705 /* ParkingListController.swift */,
			);
			path = ListParking;
			sourceTree = "<group>";
		};
		B7E6A2A0167FEB0B453D6FF5 /* Parking */ = {
			isa = PBXGroup;
			children = (
				B7E6A145EF2DF7DDD58149AD /* Parking.swift */,
				B7E6A946454CF4EFFE32706D /* Business.swift */,
				B7E6A4C179A35653DB255FA2 /* TimeRange.swift */,
				B7E6AD7C28278C80D4106921 /* Coordinate.swift */,
				B7E6AD0D0E1DCF14A45C5066 /* VehicleType.swift */,
				B7E6AED608E5BCC64FD9D5AE /* VehicleDetail.swift */,
			);
			path = Parking;
			sourceTree = "<group>";
		};
		B7E6A2ACF500396A05F94F96 /* Configuration */ = {
			isa = PBXGroup;
			children = (
				D60598DD1CC4EA64009C5BEB /* Constants.swift */,
			);
			path = Configuration;
			sourceTree = "<group>";
		};
		B7E6A2C6C1C61FE43C6CDC09 /* InfoScreen */ = {
			isa = PBXGroup;
			children = (
				1063B5BA1CCB541A00D08A33 /* cell */,
				B7E6A22BC922751D53642CFB /* PostInfoController.xib */,
				B7E6ACEFDD142635A5538916 /* PostInfoController.swift */,
			);
			path = InfoScreen;
			sourceTree = "<group>";
		};
		B7E6A2F6B017841C7D2B9D1D /* MapImageScreen */ = {
			isa = PBXGroup;
			children = (
				B7E6A2DE0DDA440D80998929 /* SelectMapImageController.xib */,
				B7E6AE9D42431DC887ADB819 /* SelectMapImageController.swift */,
			);
			path = MapImageScreen;
			sourceTree = "<group>";
		};
		B7E6A34EE14BFD27A72D3317 /* Bookmark */ = {
			isa = PBXGroup;
			children = (
				B7E6A55C48C62A83F2312ECA /* BookmarkController.xib */,
				B7E6AD4CA630E87E2BDDBB76 /* BookmarkController.swift */,
			);
			path = Bookmark;
			sourceTree = "<group>";
		};
		B7E6A39C08F96CC6C1F9AA4A /* Resources */ = {
			isa = PBXGroup;
			children = (
				B7E6A6B8191890B5F1C4CC3E /* Pakr-Bridging-Header.h */,
				D6A14E4A1CC26AF600BC6A64 /* GoogleService-Info.plist */,
				B7E6A8EE7F3988A5CD7DEDA7 /* Info.plist */,
				7295DE651CC13F030001B852 /* Images.xcassets */,
				B7E6A386378DAACA4E24F7D5 /* parkings.json */,
			);
			path = Resources;
			sourceTree = "<group>";
		};
		B7E6A60F652838103C34834E /* Widget */ = {
			isa = PBXGroup;
			children = (
				D6A14E5E1CC2A43500BC6A64 /* Cell */,
				D6A14E511CC2796000BC6A64 /* ImageView */,
				B7E6AB5B2D445570C672F7E2 /* Material */,
				B7E6AA0225176681C3398A30 /* TimePicker */,
			);
			path = Widget;
			sourceTree = "<group>";
		};
		B7E6A617C69724D814D342E6 /* pakr */ = {
			isa = PBXGroup;
			children = (
				D60598F01CC9D9BB009C5BEB /* AWS */,
				D654A3761CC2D2E50095F74D /* Preferences */,
				D6A14E611CC2CD5A00BC6A64 /* Extensions */,
				B7E6AD3B1F8FFDB230C28C56 /* Model */,
				B7E6A95131E3D6B60B4C352E /* Utils */,
				B7E6A60F652838103C34834E /* Widget */,
				B7E6AA32FCBAAC31E8CF365E /* factory */,
				B7E6ABD726F9CFB2E7DE5A84 /* WebService */,
				B7E6A03F5FF785EEB1D8FCEC /* DataHandler */,
				B7E6A2ACF500396A05F94F96 /* Configuration */,
				B7E6A0B8F1F7E1D22FD0CC00 /* UserInterface */,
				B7E6AEA2FD426EE1E39640E6 /* CustomController */,
				B7E6A8510BAF5056FAF378E0 /* AppDelegate.swift */,
				B7E6A39C08F96CC6C1F9AA4A /* Resources */,
			);
			path = pakr;
			sourceTree = "<group>";
		};
		B7E6A6D19A75782C1E339414 /* Children */ = {
			isa = PBXGroup;
			children = (
				B7E6A0FCBFCFE1378FBCFF93 /* MoreInfoViewController.xib */,
				B7E6A60D20B035896508B0E8 /* MapDetailViewController.xib */,
				B7E6A63481B334288580DA83 /* MoreInfoViewController.swift */,
				B7E6A6905926188216D6F1AD /* MapDetailViewController.swift */,
			);
			path = Children;
			sourceTree = "<group>";
		};
		B7E6A72F93CDF725F9003646 /* MapView */ = {
			isa = PBXGroup;
			children = (
				B7E6A99549118700A88D2B9C /* MapController.swift */,
				B7E6AE118A66C51CF9111EFE /* MapController.xib */,
				B7E6A7B2BD999E62376D4879 /* View */,
			);
			path = MapView;
			sourceTree = "<group>";
		};
		B7E6A75ACAAD605629EB1236 /* Web */ = {
			isa = PBXGroup;
			children = (
				B7E6A23B81B68BFA49FF4D68 /* Post.swift */,
				B7E6A62B148D4FB6723C6476 /* Role.swift */,
				B7E6AFC20BF691E4A0CFE221 /* User.swift */,
				B7E6ACFA00B87FBB2B3A50D1 /* Topic.swift */,
				B7E6A3C93DAA63FED816EBDC /* Comment.swift */,
				B7E6AC6D92106C69A930C5BE /* Bookmark.swift */,
			);
			path = Web;
			sourceTree = "<group>";
		};
		B7E6A7B2BD999E62376D4879 /* View */ = {
			isa = PBXGroup;
			children = (
				B7E6AD6CB8156C69D362F482 /* ParkAnnotation.swift */,
			);
			path = View;
			sourceTree = "<group>";
		};
		B7E6A7E1D3E68279C9426F63 /* PostParking */ = {
			isa = PBXGroup;
			children = (
				7235529A1CC4D39400090651 /* AddressPicker */,
				D60598DF1CC4F7AE009C5BEB /* test */,
				B7E6ACF8A9206BE45E4BBF69 /* main */,
				B7E6A2C6C1C61FE43C6CDC09 /* InfoScreen */,
				B7E6A013ECD1135877676FCA /* VerifyScreen */,
				B7E6A2F6B017841C7D2B9D1D /* MapImageScreen */,
			);
			path = PostParking;
			sourceTree = "<group>";
		};
		B7E6A86D4A2B030BDD7C051A /* SearchView */ = {
			isa = PBXGroup;
			children = (
				B7E6AB0F139FACFD90203504 /* SearchController.xib */,
				B7E6A3F40425BE025B0EFA2A /* SearchController.swift */,
			);
			path = SearchView;
			sourceTree = "<group>";
		};
		B7E6A95131E3D6B60B4C352E /* Utils */ = {
			isa = PBXGroup;
			children = (
				B7E6A091AAB6F9843BAE5107 /* LayoutUtils.swift */,
				B7E6A3B5CC8A67FAFE783663 /* DataServiceUtils.swift */,
				B7E6A401D78FD167E1317138 /* JSONUtils.swift */,
				7274B8D31CC2884B007E4B82 /* PakrImageUtils.swift */,
				D60598F71CCA19BB009C5BEB /* FileUtils.swift */,
			);
			path = Utils;
			sourceTree = "<group>";
		};
		B7E6A96A0627345E65331F41 /* ProfileView */ = {
			isa = PBXGroup;
			children = (
				D6A14E571CC27DE100BC6A64 /* manager */,
				B7E6A331D58A2E2A1A82F0AC /* ProfileController.xib */,
				B7E6A5F90F4B6CED9046691F /* ProfileController.swift */,
			);
			path = ProfileView;
			sourceTree = "<group>";
		};
		B7E6A9783C611E74FD2EC42B /* Home */ = {
			isa = PBXGroup;
			children = (
				B7E6A280C6A3B7D99D404FB7 /* HomeViewController.swift */,
			);
			path = Home;
			sourceTree = "<group>";
		};
		B7E6AA0225176681C3398A30 /* TimePicker */ = {
			isa = PBXGroup;
			children = (
				B7E6A543093BE10B2149A1B1 /* CustomTimePicker.h */,
				B7E6AB3FEFBC936273E16A5B /* CustomTimePicker.m */,
			);
			path = TimePicker;
			sourceTree = "<group>";
		};
		B7E6AA32FCBAAC31E8CF365E /* factory */ = {
			isa = PBXGroup;
			children = (
				B7E6A032DDDCAB9FB073B82B /* WebServiceFactory.swift */,
			);
			path = factory;
			sourceTree = "<group>";
		};
		B7E6AABE785D22BFA1E5B74A /* Address */ = {
			isa = PBXGroup;
			children = (
				B7E6A4FF18220112CA540A35 /* AddressService.swift */,
				B7E6A472F7C0783489C722A9 /* AddressServiceMockImpl.swift */,
				B7E6A472B3B61BB6955C8474 /* AddressServiceParseImpl.swift */,
			);
			path = Address;
			sourceTree = "<group>";
		};
		B7E6AB5B2D445570C672F7E2 /* Material */ = {
			isa = PBXGroup;
			children = (
				B7E6A24A8DBFC8C0007805D2 /* ModifiedTextField.swift */,
			);
			path = Material;
			sourceTree = "<group>";
		};
		B7E6ABD726F9CFB2E7DE5A84 /* WebService */ = {
			isa = PBXGroup;
			children = (
				7274B8E01CC32CCD007E4B82 /* Geocode */,
				B7E6AABE785D22BFA1E5B74A /* Address */,
				B7E6AE579B7C666DEEEEB3F8 /* Authentication */,
				B7E6A43E71032DC2B0D1F1CF /* Repository.swift */,
			);
			path = WebService;
			sourceTree = "<group>";
		};
		B7E6ACF8A9206BE45E4BBF69 /* main */ = {
			isa = PBXGroup;
			children = (
				B7E6ADE1860F36823A0CBF02 /* PostParkingController.xib */,
				B7E6A3F998205793997B411C /* PostParkingController.swift */,
			);
			path = main;
			sourceTree = "<group>";
		};
		B7E6AD0D73315D341A68D925 /* Cell */ = {
			isa = PBXGroup;
			children = (
				B7E6A51ACE4DE755F7FFD0B0 /* ParkingResultCell.xib */,
				B7E6AA27BF66F1D94F9CEBEB /* ParkingResultCell.swift */,
			);
			path = Cell;
			sourceTree = "<group>";
		};
		B7E6AD3B1F8FFDB230C28C56 /* Model */ = {
			isa = PBXGroup;
			children = (
				723552971CC4CD7600090651 /* GoogleServices */,
				B7E6A75ACAAD605629EB1236 /* Web */,
				B7E6A2A0167FEB0B453D6FF5 /* Parking */,
				723E739C1CC995F3008C527C /* ParseModelProxy.swift */,
			);
			path = Model;
			sourceTree = "<group>";
		};
		B7E6AE0A1EB71547762CC233 /* DetailParking */ = {
			isa = PBXGroup;
			children = (
				10D1A8B01CC647FE002867BC /* Cell */,
				10D1A8AE1CC64649002867BC /* RatingControl.swift */,
				10C3DF381CC5E84100352E2D /* ShowAllCommentTableViewController.swift */,
				D60598D31CC4A863009C5BEB /* ReviewViewController.swift */,
				D60598D41CC4A863009C5BEB /* ReviewViewController.xib */,
				B7E6A6D19A75782C1E339414 /* Children */,
				B7E6A2693D20AC447658B4D2 /* DetailParkingController.xib */,
				B7E6A74F09DDD0FB60E1832E /* DetailParkingController.swift */,
			);
			path = DetailParking;
			sourceTree = "<group>";
		};
		B7E6AE2E0B4B400318DC5644 /* User */ = {
			isa = PBXGroup;
			children = (
				B7E6AC26C7397ACAC46579E1 /* UserHandler.swift */,
				B7E6A21D1C8EEE8A1850D968 /* UserHandlerMockImpl.swift */,
				B7E6AD886507C567CEEE6A5A /* UserHandlerRealmImpl.swift */,
			);
			path = User;
			sourceTree = "<group>";
		};
		B7E6AE579B7C666DEEEEB3F8 /* Authentication */ = {
			isa = PBXGroup;
			children = (
				D654A3821CC3699C0095F74D /* Manager */,
				D654A3811CC369950095F74D /* Service */,
			);
			path = Authentication;
			sourceTree = "<group>";
		};
		B7E6AEA2FD426EE1E39640E6 /* CustomController */ = {
			isa = PBXGroup;
			children = (
				B7E6ADBCC16F1F1310FEF0B3 /* BaseViewController.swift */,
				B7E6A7DADD4E069C9FDC1205 /* PakrTabBarController.swift */,
				B7E6AE091FCDC84EAF29B9C1 /* PakrNavigationController.swift */,
			);
			path = CustomController;
			sourceTree = "<group>";
		};
		D60598DF1CC4F7AE009C5BEB /* test */ = {
			isa = PBXGroup;
			children = (
				D60598EA1CC4FFAF009C5BEB /* TestUploadController.swift */,
				D60598EC1CC5001E009C5BEB /* TestUploadController.xib */,
			);
			name = test;
			sourceTree = "<group>";
		};
		D60598F01CC9D9BB009C5BEB /* AWS */ = {
			isa = PBXGroup;
			children = (
				D60598F11CC9E0DC009C5BEB /* AWSClient.swift */,
			);
			name = AWS;
			sourceTree = "<group>";
		};
		D6490D2F1CBFF85700016AA6 = {
			isa = PBXGroup;
			children = (
				B7E6A617C69724D814D342E6 /* pakr */,
				D6490D391CBFF85700016AA6 /* Products */,
				8EE95B9CD067AA4023D5833D /* Pods */,
				081F5D89FB2D7E4CF7A7BA30 /* Frameworks */,
			);
			sourceTree = "<group>";
		};
		D6490D391CBFF85700016AA6 /* Products */ = {
			isa = PBXGroup;
			children = (
				D6490D381CBFF85700016AA6 /* pakr.app */,
			);
			name = Products;
			sourceTree = "<group>";
		};
		D654A3761CC2D2E50095F74D /* Preferences */ = {
			isa = PBXGroup;
			children = (
				D654A3791CC2D3D20095F74D /* MapPreferences.swift */,
				D654A3771CC2D33D0095F74D /* AuthenPreferences.swift */,
			);
			name = Preferences;
			sourceTree = "<group>";
		};
		D654A3811CC369950095F74D /* Service */ = {
			isa = PBXGroup;
			children = (
				D654A3831CC369F50095F74D /* AuthService.swift */,
				D654A3841CC369F50095F74D /* AuthServiceImpl.swift */,
			);
			name = Service;
			sourceTree = "<group>";
		};
		D654A3821CC3699C0095F74D /* Manager */ = {
			isa = PBXGroup;
			children = (
				D654A38D1CC36A6C0095F74D /* SocialAuth.swift */,
				D654A3871CC36A000095F74D /* FacebookAuth.swift */,
				D654A3881CC36A000095F74D /* GoogleAuth.swift */,
			);
			name = Manager;
			sourceTree = "<group>";
		};
		D6A14E4C1CC26CD600BC6A64 /* Login */ = {
			isa = PBXGroup;
			children = (
				D6A14E4D1CC26CF300BC6A64 /* LoginController.swift */,
				D6A14E4F1CC26D2600BC6A64 /* LoginController.xib */,
			);
			name = Login;
			sourceTree = "<group>";
		};
		D6A14E511CC2796000BC6A64 /* ImageView */ = {
			isa = PBXGroup;
			children = (
				D6A14E521CC2798000BC6A64 /* CircularImageView.swift */,
				D6A14E5C1CC280B300BC6A64 /* RoundCornerImageView.swift */,
			);
			name = ImageView;
			sourceTree = "<group>";
		};
		D6A14E571CC27DE100BC6A64 /* manager */ = {
			isa = PBXGroup;
			children = (
				D6A14E581CC27DFB00BC6A64 /* ProfileDataManager.swift */,
			);
			name = manager;
			sourceTree = "<group>";
		};
		D6A14E5E1CC2A43500BC6A64 /* Cell */ = {
			isa = PBXGroup;
			children = (
				D6A14E5F1CC2A90A00BC6A64 /* ExtendedCell.swift */,
			);
			name = Cell;
			sourceTree = "<group>";
		};
		D6A14E611CC2CD5A00BC6A64 /* Extensions */ = {
			isa = PBXGroup;
			children = (
				B7E6AC3CA3BBC69562B36F25 /* PakrCLLocationCoordinate2D.swift */,
				D60598EE1CC963F7009C5BEB /* UIImage+Resize.swift */,
				D60598F51CC9E79E009C5BEB /* MD5.swift */,
			);
			name = Extensions;
			sourceTree = "<group>";
		};
/* End PBXGroup section */

/* Begin PBXNativeTarget section */
		D6490D371CBFF85700016AA6 /* pakr */ = {
			isa = PBXNativeTarget;
			buildConfigurationList = D6490D4A1CBFF85700016AA6 /* Build configuration list for PBXNativeTarget "pakr" */;
			buildPhases = (
				C0571E45CA9F629989C12243 /* Check Pods Manifest.lock */,
				D6490D341CBFF85700016AA6 /* Sources */,
				D6490D351CBFF85700016AA6 /* Frameworks */,
				D6490D361CBFF85700016AA6 /* Resources */,
				4CC4986C9D576B0DC9ABAC64 /* Copy Pods Resources */,
				B55E48E1D15739B55A2F6260 /* Embed Pods Frameworks */,
			);
			buildRules = (
			);
			dependencies = (
			);
			name = pakr;
			productName = pakr;
			productReference = D6490D381CBFF85700016AA6 /* pakr.app */;
			productType = "com.apple.product-type.application";
		};
/* End PBXNativeTarget section */

/* Begin PBXProject section */
		D6490D301CBFF85700016AA6 /* Project object */ = {
			isa = PBXProject;
			attributes = {
				LastSwiftUpdateCheck = 0730;
				LastUpgradeCheck = 0730;
				ORGANIZATIONNAME = Pakr;
				TargetAttributes = {
					D6490D371CBFF85700016AA6 = {
						CreatedOnToolsVersion = 7.3;
						DevelopmentTeam = V5BCKD2C56;
					};
				};
			};
			buildConfigurationList = D6490D331CBFF85700016AA6 /* Build configuration list for PBXProject "pakr" */;
			compatibilityVersion = "Xcode 3.2";
			developmentRegion = English;
			hasScannedForEncodings = 0;
			knownRegions = (
				en,
				Base,
			);
			mainGroup = D6490D2F1CBFF85700016AA6;
			productRefGroup = D6490D391CBFF85700016AA6 /* Products */;
			projectDirPath = "";
			projectRoot = "";
			targets = (
				D6490D371CBFF85700016AA6 /* pakr */,
			);
		};
/* End PBXProject section */

/* Begin PBXResourcesBuildPhase section */
		D6490D361CBFF85700016AA6 /* Resources */ = {
			isa = PBXResourcesBuildPhase;
			buildActionMask = 2147483647;
			files = (
				B7E6AC35E4C87F435C2D14EE /* MapController.xib in Resources */,
				B7E6AC7B78DB97C1857BFF86 /* BookmarkController.xib in Resources */,
				B7E6A408A7FCECB2B4DFA109 /* SearchController.xib in Resources */,
				B7E6AAC9E99348518E9B6D21 /* ParkingResultCell.xib in Resources */,
				B7E6A23A88726CC0D19CD553 /* ParkingListController.xib in Resources */,
				B7E6A75B8792F930FC0D46E8 /* PostParkingController.xib in Resources */,
				723552A31CC4D3DB00090651 /* GMPlaceCell.xib in Resources */,
				B7E6A075011D3E56D1D6F747 /* PostInfoController.xib in Resources */,
				B7E6A1037EA58D7A02BD6B2B /* VerifyController.xib in Resources */,
				B7E6AEF2228BC974A36C5467 /* SelectMapImageController.xib in Resources */,
				D60598ED1CC5001E009C5BEB /* TestUploadController.xib in Resources */,
				B7E6A13E90275C7D2181B30E /* ProfileController.xib in Resources */,
				B7E6A6509ADB9AA6D877EF70 /* MoreInfoViewController.xib in Resources */,
				D6A14E501CC26D2600BC6A64 /* LoginController.xib in Resources */,
				D6A14E4B1CC26AF600BC6A64 /* GoogleService-Info.plist in Resources */,
				B7E6A60E9906C2D10C8F2F70 /* MapDetailViewController.xib in Resources */,
				B7E6A5EA66C326A60FCF8502 /* PhotosCollectionViewCell.xib in Resources */,
				7295DE671CC13F030001B852 /* Images.xcassets in Resources */,
				D60598DA1CC4A863009C5BEB /* ReviewViewController.xib in Resources */,
				B7E6ACB7810CEC161EDDFE54 /* DetailParkingController.xib in Resources */,
				7235529E1CC4D39400090651 /* AddressPickerController.xib in Resources */,
				10D1A8AD1CC63282002867BC /* ReviewTableViewCell.xib in Resources */,
				B7E6AB23AF7B4AE99784DE6A /* parkings.json in Resources */,
				D60598D61CC4A863009C5BEB /* CommentTableViewCell.xib in Resources */,
				1063B5BE1CCB541A00D08A33 /* WorkTimeTableViewCell.xib in Resources */,
			);
			runOnlyForDeploymentPostprocessing = 0;
		};
/* End PBXResourcesBuildPhase section */

/* Begin PBXShellScriptBuildPhase section */
		4CC4986C9D576B0DC9ABAC64 /* Copy Pods Resources */ = {
			isa = PBXShellScriptBuildPhase;
			buildActionMask = 2147483647;
			files = (
			);
			inputPaths = (
			);
			name = "Copy Pods Resources";
			outputPaths = (
			);
			runOnlyForDeploymentPostprocessing = 0;
			shellPath = /bin/sh;
			shellScript = "\"${SRCROOT}/Pods/Target Support Files/Pods-pakr/Pods-pakr-resources.sh\"\n";
			showEnvVarsInLog = 0;
		};
		B55E48E1D15739B55A2F6260 /* Embed Pods Frameworks */ = {
			isa = PBXShellScriptBuildPhase;
			buildActionMask = 2147483647;
			files = (
			);
			inputPaths = (
			);
			name = "Embed Pods Frameworks";
			outputPaths = (
			);
			runOnlyForDeploymentPostprocessing = 0;
			shellPath = /bin/sh;
			shellScript = "\"${SRCROOT}/Pods/Target Support Files/Pods-pakr/Pods-pakr-frameworks.sh\"\n";
			showEnvVarsInLog = 0;
		};
		C0571E45CA9F629989C12243 /* Check Pods Manifest.lock */ = {
			isa = PBXShellScriptBuildPhase;
			buildActionMask = 2147483647;
			files = (
			);
			inputPaths = (
			);
			name = "Check Pods Manifest.lock";
			outputPaths = (
			);
			runOnlyForDeploymentPostprocessing = 0;
			shellPath = /bin/sh;
			shellScript = "diff \"${PODS_ROOT}/../Podfile.lock\" \"${PODS_ROOT}/Manifest.lock\" > /dev/null\nif [[ $? != 0 ]] ; then\n    cat << EOM\nerror: The sandbox is not in sync with the Podfile.lock. Run 'pod install' or update your CocoaPods installation.\nEOM\n    exit 1\nfi\n";
			showEnvVarsInLog = 0;
		};
/* End PBXShellScriptBuildPhase section */

/* Begin PBXSourcesBuildPhase section */
		D6490D341CBFF85700016AA6 /* Sources */ = {
			isa = PBXSourcesBuildPhase;
			buildActionMask = 2147483647;
			files = (
				B7E6A7598B1D7BE108B42ACA /* Post.swift in Sources */,
				B7E6A4AACDDABB7130F3DBA7 /* Role.swift in Sources */,
				7274B8E21CC32CF9007E4B82 /* GMServices.swift in Sources */,
				723552991CC4CD8400090651 /* GMPlace.swift in Sources */,
				B7E6A60EEBB24D2C771BB096 /* User.swift in Sources */,
				B7E6A59FF1C2DE0CEDAD811B /* Topic.swift in Sources */,
				B7E6AD3E3288600B7BBFED3A /* Comment.swift in Sources */,
				1063B5BD1CCB541A00D08A33 /* WorkTimeTableViewCell.swift in Sources */,
				B7E6A21C1DA746BBFAC340A7 /* Bookmark.swift in Sources */,
				B7E6A21C91E2CF079F32DCA9 /* Parking.swift in Sources */,
				B7E6AF7F39AE4F0E492EC726 /* Business.swift in Sources */,
				B7E6AA0432B1309BA5CEC6AD /* TimeRange.swift in Sources */,
				B7E6A5BC6F196BF0F02FAD3A /* Coordinate.swift in Sources */,
				B7E6AF3C937CB19EF3DD55AD /* VehicleType.swift in Sources */,
				10C3DF391CC5E84100352E2D /* ShowAllCommentTableViewController.swift in Sources */,
				B7E6A90D275DCF191BE990E9 /* VehicleDetail.swift in Sources */,
				B7E6A110E741A4C75C5D7F35 /* LayoutUtils.swift in Sources */,
				B7E6ABD3A10AC65DB81E05D6 /* ModifiedTextField.swift in Sources */,
				B7E6A6AC99192DAD0784DC3C /* CustomTimePicker.m in Sources */,
				B7E6A999BFF349E7A0407789 /* WebServiceFactory.swift in Sources */,
				723E739D1CC995F3008C527C /* ParseModelProxy.swift in Sources */,
				B7E6A9544AAB2F696EC945AA /* AddressService.swift in Sources */,
				D6A14E591CC27DFB00BC6A64 /* ProfileDataManager.swift in Sources */,
				B7E6A36290D6AB8FB4F37590 /* AddressServiceMockImpl.swift in Sources */,
				B7E6A7DD2869568ED7C089DB /* AddressServiceParseImpl.swift in Sources */,
				B7E6A0470AE6CDBCC3453AEC /* Repository.swift in Sources */,
				D60598DE1CC4EA64009C5BEB /* Constants.swift in Sources */,
				D654A38E1CC36A6C0095F74D /* SocialAuth.swift in Sources */,
				B7E6AF19EE30F5B4F828B06D /* UserHandler.swift in Sources */,
				10D1A8AF1CC64649002867BC /* RatingControl.swift in Sources */,
				B7E6A0786F719E522F61EE28 /* UserHandlerMockImpl.swift in Sources */,
				B7E6A490B0661ADCFA1A38FB /* UserHandlerRealmImpl.swift in Sources */,
				B7E6A8E9982F4A8F2E898258 /* HomeViewController.swift in Sources */,
				723552A21CC4D3DB00090651 /* GMPlaceCell.swift in Sources */,
				B7E6A5DF78B1154F6089496A /* ParkAnnotation.swift in Sources */,
				D60598D91CC4A863009C5BEB /* ReviewViewController.swift in Sources */,
				B7E6A6E0904E6CED18BDF1D8 /* MapController.swift in Sources */,
				D654A3851CC369F50095F74D /* AuthService.swift in Sources */,
				D60598F61CC9E79E009C5BEB /* MD5.swift in Sources */,
				D6A14E601CC2A90A00BC6A64 /* ExtendedCell.swift in Sources */,
				D654A3861CC369F50095F74D /* AuthServiceImpl.swift in Sources */,
				D6A14E4E1CC26CF300BC6A64 /* LoginController.swift in Sources */,
				B7E6AC26951ACD27B35085B9 /* BookmarkController.swift in Sources */,
				B7E6AA4F18552CCD317FC9B0 /* SearchController.swift in Sources */,
				D60598EB1CC4FFAF009C5BEB /* TestUploadController.swift in Sources */,
				B7E6AC842CC3B34A20172827 /* ParkingResultCell.swift in Sources */,
				B7E6ABFA04ECC1111B378897 /* ParkingListController.swift in Sources */,
				B7E6A949DC4DD496BB0052B3 /* PostParkingController.swift in Sources */,
				7235529D1CC4D39400090651 /* AddressPickerController.swift in Sources */,
				B7E6AA8A109EAEBB232F4B13 /* PostInfoController.swift in Sources */,
				B7E6A5A04B2FA08E0E2D97D5 /* VerifyController.swift in Sources */,
				B7E6AF56707503C0430290D1 /* SelectMapImageController.swift in Sources */,
				7274B8D41CC2884B007E4B82 /* PakrImageUtils.swift in Sources */,
				10D1A8B21CC64B29002867BC /* CommentTableViewCell.swift in Sources */,
				B7E6A1770D75BCAC87B58ED1 /* ProfileController.swift in Sources */,
				D654A38B1CC36A000095F74D /* GoogleAuth.swift in Sources */,
				B7E6AA2D5F5E58C520E27A33 /* MoreInfoViewController.swift in Sources */,
				B7E6A5C323135FB8258548DA /* MapDetailViewController.swift in Sources */,
				D60598F81CCA19BB009C5BEB /* FileUtils.swift in Sources */,
				B7E6A70D6A02D6E611445818 /* PhotosCollectionViewCell.swift in Sources */,
				B7E6AC10C6333F9CB1A58377 /* DetailParkingController.swift in Sources */,
				D6A14E531CC2798000BC6A64 /* CircularImageView.swift in Sources */,
				D654A38A1CC36A000095F74D /* FacebookAuth.swift in Sources */,
				D60598F21CC9E0DC009C5BEB /* AWSClient.swift in Sources */,
				B7E6ACD4AFB74727E11B8305 /* BaseViewController.swift in Sources */,
				D654A37A1CC2D3D20095F74D /* MapPreferences.swift in Sources */,
				B7E6AAC76CC37347DDC5E839 /* PakrTabBarController.swift in Sources */,
				B7E6AF0C09C71FD4655C185F /* PakrNavigationController.swift in Sources */,
				B7E6A680579C3EEC68F7CF5F /* AppDelegate.swift in Sources */,
				D654A3781CC2D33D0095F74D /* AuthenPreferences.swift in Sources */,
				B7E6A9C2A41FE994DE773C26 /* PakrCLLocationCoordinate2D.swift in Sources */,
				D6A14E5D1CC280B300BC6A64 /* RoundCornerImageView.swift in Sources */,
				D60598EF1CC963F7009C5BEB /* UIImage+Resize.swift in Sources */,
				B7E6AE1FA3C29FC389132252 /* DataServiceUtils.swift in Sources */,
				10D1A8AC1CC63282002867BC /* ReviewTableViewCell.swift in Sources */,
				B7E6A25A2B4DCA5610E27897 /* JSONUtils.swift in Sources */,
			);
			runOnlyForDeploymentPostprocessing = 0;
		};
/* End PBXSourcesBuildPhase section */

/* Begin XCBuildConfiguration section */
		D6490D481CBFF85700016AA6 /* Debug */ = {
			isa = XCBuildConfiguration;
			buildSettings = {
				ALWAYS_SEARCH_USER_PATHS = NO;
				CLANG_ANALYZER_NONNULL = YES;
				CLANG_CXX_LANGUAGE_STANDARD = "gnu++0x";
				CLANG_CXX_LIBRARY = "libc++";
				CLANG_ENABLE_MODULES = YES;
				CLANG_ENABLE_OBJC_ARC = YES;
				CLANG_WARN_BOOL_CONVERSION = YES;
				CLANG_WARN_CONSTANT_CONVERSION = YES;
				CLANG_WARN_DIRECT_OBJC_ISA_USAGE = YES_ERROR;
				CLANG_WARN_EMPTY_BODY = YES;
				CLANG_WARN_ENUM_CONVERSION = YES;
				CLANG_WARN_INT_CONVERSION = YES;
				CLANG_WARN_OBJC_ROOT_CLASS = YES_ERROR;
				CLANG_WARN_UNREACHABLE_CODE = YES;
				CLANG_WARN__DUPLICATE_METHOD_MATCH = YES;
				"CODE_SIGN_IDENTITY[sdk=iphoneos*]" = "iPhone Developer";
				COPY_PHASE_STRIP = NO;
				DEBUG_INFORMATION_FORMAT = dwarf;
				ENABLE_STRICT_OBJC_MSGSEND = YES;
				ENABLE_TESTABILITY = YES;
				GCC_C_LANGUAGE_STANDARD = gnu99;
				GCC_DYNAMIC_NO_PIC = NO;
				GCC_NO_COMMON_BLOCKS = YES;
				GCC_OPTIMIZATION_LEVEL = 0;
				GCC_PREPROCESSOR_DEFINITIONS = (
					"DEBUG=1",
					"$(inherited)",
				);
				GCC_WARN_64_TO_32_BIT_CONVERSION = YES;
				GCC_WARN_ABOUT_RETURN_TYPE = YES_ERROR;
				GCC_WARN_UNDECLARED_SELECTOR = YES;
				GCC_WARN_UNINITIALIZED_AUTOS = YES_AGGRESSIVE;
				GCC_WARN_UNUSED_FUNCTION = YES;
				GCC_WARN_UNUSED_VARIABLE = YES;
				IPHONEOS_DEPLOYMENT_TARGET = 9.3;
				MTL_ENABLE_DEBUG_INFO = YES;
				ONLY_ACTIVE_ARCH = YES;
				SDKROOT = iphoneos;
				SWIFT_OPTIMIZATION_LEVEL = "-Onone";
				TARGETED_DEVICE_FAMILY = "1,2";
			};
			name = Debug;
		};
		D6490D491CBFF85700016AA6 /* Release */ = {
			isa = XCBuildConfiguration;
			buildSettings = {
				ALWAYS_SEARCH_USER_PATHS = NO;
				CLANG_ANALYZER_NONNULL = YES;
				CLANG_CXX_LANGUAGE_STANDARD = "gnu++0x";
				CLANG_CXX_LIBRARY = "libc++";
				CLANG_ENABLE_MODULES = YES;
				CLANG_ENABLE_OBJC_ARC = YES;
				CLANG_WARN_BOOL_CONVERSION = YES;
				CLANG_WARN_CONSTANT_CONVERSION = YES;
				CLANG_WARN_DIRECT_OBJC_ISA_USAGE = YES_ERROR;
				CLANG_WARN_EMPTY_BODY = YES;
				CLANG_WARN_ENUM_CONVERSION = YES;
				CLANG_WARN_INT_CONVERSION = YES;
				CLANG_WARN_OBJC_ROOT_CLASS = YES_ERROR;
				CLANG_WARN_UNREACHABLE_CODE = YES;
				CLANG_WARN__DUPLICATE_METHOD_MATCH = YES;
				"CODE_SIGN_IDENTITY[sdk=iphoneos*]" = "iPhone Developer";
				COPY_PHASE_STRIP = NO;
				DEBUG_INFORMATION_FORMAT = "dwarf-with-dsym";
				ENABLE_NS_ASSERTIONS = NO;
				ENABLE_STRICT_OBJC_MSGSEND = YES;
				GCC_C_LANGUAGE_STANDARD = gnu99;
				GCC_NO_COMMON_BLOCKS = YES;
				GCC_WARN_64_TO_32_BIT_CONVERSION = YES;
				GCC_WARN_ABOUT_RETURN_TYPE = YES_ERROR;
				GCC_WARN_UNDECLARED_SELECTOR = YES;
				GCC_WARN_UNINITIALIZED_AUTOS = YES_AGGRESSIVE;
				GCC_WARN_UNUSED_FUNCTION = YES;
				GCC_WARN_UNUSED_VARIABLE = YES;
				IPHONEOS_DEPLOYMENT_TARGET = 9.3;
				MTL_ENABLE_DEBUG_INFO = NO;
				SDKROOT = iphoneos;
				TARGETED_DEVICE_FAMILY = "1,2";
				VALIDATE_PRODUCT = YES;
			};
			name = Release;
		};
		D6490D4B1CBFF85700016AA6 /* Debug */ = {
			isa = XCBuildConfiguration;
			baseConfigurationReference = 4FD9FFB8B2A762AE7B807D9E /* Pods-pakr.debug.xcconfig */;
			buildSettings = {
				ASSETCATALOG_COMPILER_APPICON_NAME = AppIcon;
				CODE_SIGN_IDENTITY = "iPhone Developer";
				FRAMEWORK_SEARCH_PATHS = (
					"$(inherited)",
					"$(PROJECT_DIR)/pakr/AWS",
					"$(PROJECT_DIR)/pakr/Sdk/Aws",
					"$(PROJECT_DIR)/pakr/Sdk/Aws/extras",
				);
				INFOPLIST_FILE = pakr/Info.plist;
				IPHONEOS_DEPLOYMENT_TARGET = 9.0;
				LD_RUNPATH_SEARCH_PATHS = "$(inherited) @executable_path/Frameworks";
				PRODUCT_BUNDLE_IDENTIFIER = com.codeschool.pakr;
				PRODUCT_NAME = "$(TARGET_NAME)";
				SWIFT_OBJC_BRIDGING_HEADER = "pakr/Pakr-Bridging-Header.h";
				VALID_ARCHS = "arm64 armv7 armv7s x86_64 i386";
			};
			name = Debug;
		};
		D6490D4C1CBFF85700016AA6 /* Release */ = {
			isa = XCBuildConfiguration;
			baseConfigurationReference = 8883172CD0A6C2613E2AB210 /* Pods-pakr.release.xcconfig */;
			buildSettings = {
				ASSETCATALOG_COMPILER_APPICON_NAME = AppIcon;
				CODE_SIGN_IDENTITY = "iPhone Developer";
				FRAMEWORK_SEARCH_PATHS = (
					"$(inherited)",
					"$(PROJECT_DIR)/pakr/AWS",
					"$(PROJECT_DIR)/pakr/Sdk/Aws",
					"$(PROJECT_DIR)/pakr/Sdk/Aws/extras",
				);
				INFOPLIST_FILE = pakr/Info.plist;
				IPHONEOS_DEPLOYMENT_TARGET = 9.0;
				LD_RUNPATH_SEARCH_PATHS = "$(inherited) @executable_path/Frameworks";
				PRODUCT_BUNDLE_IDENTIFIER = trunhquang.com.park;
				PRODUCT_NAME = "$(TARGET_NAME)";
				SWIFT_OBJC_BRIDGING_HEADER = "pakr/Pakr-Bridging-Header.h";
				VALID_ARCHS = "arm64 armv7 armv7s x86_64 i386";
			};
			name = Release;
		};
/* End XCBuildConfiguration section */

/* Begin XCConfigurationList section */
		D6490D331CBFF85700016AA6 /* Build configuration list for PBXProject "pakr" */ = {
			isa = XCConfigurationList;
			buildConfigurations = (
				D6490D481CBFF85700016AA6 /* Debug */,
				D6490D491CBFF85700016AA6 /* Release */,
			);
			defaultConfigurationIsVisible = 0;
			defaultConfigurationName = Release;
		};
		D6490D4A1CBFF85700016AA6 /* Build configuration list for PBXNativeTarget "pakr" */ = {
			isa = XCConfigurationList;
			buildConfigurations = (
				D6490D4B1CBFF85700016AA6 /* Debug */,
				D6490D4C1CBFF85700016AA6 /* Release */,
			);
			defaultConfigurationIsVisible = 0;
			defaultConfigurationName = Release;
		};
/* End XCConfigurationList section */
	};
	rootObject = D6490D301CBFF85700016AA6 /* Project object */;
}
